<?xml version="1.0" encoding="utf-8"?>
<Project ToolsVersion="4.0" xmlns="http://schemas.microsoft.com/developer/msbuild/2003">
  <ItemGroup>
    <Filter Include="Player">
      <UniqueIdentifier>{a1a1a1a1-0005-4000-8000-000000000001}</UniqueIdentifier>
    </Filter>
    <Filter Include="App">
      <UniqueIdentifier>{b2b2b2b2-0002-4000-8000-000000000005}</UniqueIdentifier>
    </Filter>
    <Filter Include="Processor">
      <UniqueIdentifier>{a1a1a1a1-0005-4000-8000-000000000002}</UniqueIdentifier>
    </Filter>
    <Filter Include="Unit">
      <UniqueIdentifier>{b2b2b2b2-0002-4000-8000-000000000008}</UniqueIdentifier>
    </Filter>
    <Filter Include="Zone">
      <UniqueIdentifier>{b2b2b2b2-0002-4000-8000-00000000000a}</UniqueIdentifier>
    </Filter>
    <Filter Include="Task">
      <UniqueIdentifier>{b2b2b2b2-0002-4000-8000-000000000009}</UniqueIdentifier>
    </Filter>
    <Filter Include="Worker">
      <UniqueIdentifier>{b2b2b2b2-0002-4000-8000-000000000003}</UniqueIdentifier>
    </Filter>
    <Filter Include="Handler">
      <UniqueIdentifier>{b2b2b2b2-0002-4000-8000-000000000004}</UniqueIdentifier>
    </Filter>
  </ItemGroup>
  <ItemGroup>
    <ClInclude Include="Src\pch.h" />
    <ClInclude Include="Src\Player\CurrencyModel.h">
      <Filter>Player</Filter>
    </ClInclude>
    <ClInclude Include="Src\Unit\MoveModel.h">
      <Filter>Unit</Filter>
    </ClInclude>
    <ClInclude Include="Src\Unit\Unit.h">
      <Filter>Unit</Filter>
    </ClInclude>
    <ClInclude Include="Src\Unit\UnitContainer.h">
      <Filter>Unit</Filter>
    </ClInclude>
    <ClInclude Include="Src\Zone\Zone.h">
      <Filter>Zone</Filter>
    </ClInclude>
    <ClInclude Include="Src\Player\Player.h">
      <Filter>Player</Filter>
    </ClInclude>
    <ClInclude Include="Src\App\ZoneDef.h">
      <Filter>App</Filter>
    </ClInclude>
    <ClInclude Include="Src\Processor\TickProcessor.h">
      <Filter>Processor</Filter>
    </ClInclude>
    <ClInclude Include="Src\Player\MailModel.h">
      <Filter>Player</Filter>
    </ClInclude>
    <ClInclude Include="Src\Player\PlayerTask.h">
      <Filter>Player</Filter>
    </ClInclude>
    <ClInclude Include="Src\Task\ZoneUnitOfWork.h">
      <Filter>Task</Filter>
    </ClInclude>
    <ClInclude Include="Src\Processor\ProcessorIds.h">
      <Filter>Processor</Filter>
    </ClInclude>
    <ClInclude Include="Src\Processor\ZoneMsg.h">
      <Filter>Processor</Filter>
    </ClInclude>
    <ClInclude Include="Src\Processor\PlayerProcessor.h">
      <Filter>Processor</Filter>
    </ClInclude>
    <ClInclude Include="Src\Player\PlayerContext.h">
      <Filter>Player</Filter>
    </ClInclude>
    <ClInclude Include="Src\Player\PlayerMail.h">
      <Filter>Player</Filter>
    </ClInclude>
    <ClInclude Include="Src\Processor\BroadcastProcessor.h">
      <Filter>Processor</Filter>
    </ClInclude>
    <ClInclude Include="Src\Worker\WorkerManager.h">
      <Filter>Worker</Filter>
    </ClInclude>
    <ClInclude Include="Src\Handler\W2ZHandler.h">
      <Filter>Handler</Filter>
    </ClInclude>
    <ClInclude Include="Src\App\ZoneApp.h">
      <Filter>App</Filter>
    </ClInclude>
    <ClInclude Include="Src\App\ZoneConfig.h">
      <Filter>App</Filter>
    </ClInclude>
  </ItemGroup>
  <ItemGroup>
    <ClCompile Include="Src\pch.cpp" />
    <ClCompile Include="Src\Player\CurrencyModel.cpp">
      <Filter>Player</Filter>
    </ClCompile>
    <ClCompile Include="Src\Processor\TickProcessor.cpp">
      <Filter>Processor</Filter>
    </ClCompile>
    <ClCompile Include="Src\Processor\ProcessorIds.cpp">
      <Filter>Processor</Filter>
    </ClCompile>
    <ClCompile Include="Src\Unit\Unit.cpp">
      <Filter>Unit</Filter>
    </ClCompile>
    <ClCompile Include="Src\Unit\UnitContainer.cpp">
      <Filter>Unit</Filter>
    </ClCompile>
    <ClCompile Include="Src\Zone\Zone.cpp">
      <Filter>Zone</Filter>
    </ClCompile>
    <ClCompile Include="Src\Player\Player.cpp">
      <Filter>Player</Filter>
    </ClCompile>
    <ClCompile Include="Src\Player\MailModel.cpp">
      <Filter>Player</Filter>
    </ClCompile>
    <ClCompile Include="Src\Task\ZoneUnitOfWork.cpp">
      <Filter>Task</Filter>
    </ClCompile>
    <ClCompile Include="Src\Processor\PlayerProcessor.cpp">
      <Filter>Processor</Filter>
    </ClCompile>
    <ClCompile Include="Src\Player\PlayerMail.cpp">
      <Filter>Player</Filter>
    </ClCompile>
    <ClCompile Include="Src\Processor\BroadcastProcessor.cpp">
      <Filter>Processor</Filter>
    </ClCompile>
    <ClCompile Include="Src\Worker\WorkerManager.cpp">
      <Filter>Worker</Filter>
    </ClCompile>
    <ClCompile Include="Src\Handler\W2ZHandler.cpp">
      <Filter>Handler</Filter>
    </ClCompile>
    <ClCompile Include="Src\App\ZoneApp.cpp">
      <Filter>App</Filter>
    </ClCompile>
    <ClCompile Include="Src\main.cpp" />
    <ClCompile Include="Src\App\ZoneConfig.cpp">
      <Filter>App</Filter>
    </ClCompile>
  </ItemGroup>
</Project>
