<?xml version="1.0" encoding="utf-8"?>
<Project ToolsVersion="4.0" xmlns="http://schemas.microsoft.com/developer/msbuild/2003">
  <ItemGroup>
    <Filter Include="Log">
      <UniqueIdentifier>{c3c3c3c3-0003-4000-8000-000000000001}</UniqueIdentifier>
    </Filter>
    <Filter Include="Packet">
      <UniqueIdentifier>{c3c3c3c3-0003-4000-8000-000000000002}</UniqueIdentifier>
    </Filter>
    <Filter Include="World">
      <UniqueIdentifier>{c3c3c3c3-0003-4000-8000-000000000003}</UniqueIdentifier>
    </Filter>
    <Filter Include="Handler">
      <UniqueIdentifier>{c3c3c3c3-0003-4000-8000-000000000005}</UniqueIdentifier>
    </Filter>
    <Filter Include="App">
      <UniqueIdentifier>{c3c3c3c3-0003-4000-8000-000000000006}</UniqueIdentifier>
    </Filter>
    <Filter Include="Worker">
      <UniqueIdentifier>{c3c3c3c3-0003-4000-8000-000000000007}</UniqueIdentifier>
    </Filter>
    <Filter Include="Tool">
      <UniqueIdentifier>{c3c3c3c3-0003-4000-8000-000000000008}</UniqueIdentifier>
    </Filter>
    <Filter Include="Db" />
    <Filter Include="Cli" />
    <Filter Include="Login" />
    <Filter Include="Test" />
  </ItemGroup>
  <ItemGroup>
    <ClInclude Include="Src\pch.h" />
    <ClInclude Include="Src\Log\LogCategory.h">
      <Filter>Log</Filter>
    </ClInclude>
    <ClInclude Include="Src\Packet\EnterZoneBody.h">
      <Filter>Packet</Filter>
    </ClInclude>
    <ClInclude Include="Src\Packet\RelayEnvelope.h">
      <Filter>Packet</Filter>
    </ClInclude>
    <ClInclude Include="Src\Packet\ZoneLinkPackets.h">
      <Filter>Packet</Filter>
    </ClInclude>
    <ClInclude Include="Src\Packet\ToolResultCode.h">
      <Filter>Packet</Filter>
    </ClInclude>
    <ClInclude Include="..\..\Shared\Protocol\Src\CurrencyType.h">
      <Filter>Packet</Filter>
    </ClInclude>
    <ClInclude Include="..\..\Shared\Protocol\Src\ErrorCode.h">
      <Filter>Packet</Filter>
    </ClInclude>
    <ClInclude Include="..\..\Shared\Protocol\Src\TaskKind.h">
      <Filter>Packet</Filter>
    </ClInclude>
    <ClInclude Include="..\..\Shared\Protocol\Src\PacketId.h">
      <Filter>Packet</Filter>
    </ClInclude>
    <ClInclude Include="Src\Packet\ToolLinkPackets.h">
      <Filter>Packet</Filter>
    </ClInclude>
    <ClInclude Include="Src\Login\LoginProcessor.h">
      <Filter>Login</Filter>
    </ClInclude>
    <ClInclude Include="Src\Tool\ToolProcessor.h">
      <Filter>Tool</Filter>
    </ClInclude>
    <ClInclude Include="Src\World\PlayerManager.h">
      <Filter>World</Filter>
    </ClInclude>
    <ClInclude Include="Src\World\ZoneLinkRegistry.h">
      <Filter>World</Filter>
    </ClInclude>
    <ClInclude Include="Src\Packet\OwnerIdPeek.h">
      <Filter>Packet</Filter>
    </ClInclude>
    <ClInclude Include="Src\Worker\ProcessorId.h">
      <Filter>Worker</Filter>
    </ClInclude>
    <ClInclude Include="Src\Handler\GatewayLinkHandler.h">
      <Filter>Handler</Filter>
    </ClInclude>
    <ClInclude Include="Src\Handler\ZoneLinkHandler.h">
      <Filter>Handler</Filter>
    </ClInclude>
    <ClInclude Include="Src\App\App.h">
      <Filter>App</Filter>
    </ClInclude>
    <ClInclude Include="Src\Db\DbCommand.h">
      <Filter>Db</Filter>
    </ClInclude>
    <ClInclude Include="Src\Db\DbConnection.h">
      <Filter>Db</Filter>
    </ClInclude>
    <ClInclude Include="Src\Db\AutoDbCommand.h">
      <Filter>Db</Filter>
    </ClInclude>
    <ClInclude Include="Src\Db\PasswordHash.h">
      <Filter>Db</Filter>
    </ClInclude>
    <ClInclude Include="Src\App\Config.h">
      <Filter>App</Filter>
    </ClInclude>
    <ClInclude Include="Src\Cli\DbCheck.h">
      <Filter>Cli</Filter>
    </ClInclude>
    <ClInclude Include="Src\Cli\IdTest.h">
      <Filter>Cli</Filter>
    </ClInclude>
    <ClInclude Include="Src\Test\MsgId.h">
      <Filter>Test</Filter>
    </ClInclude>
    <ClInclude Include="Src\Test\TestValue.h">
      <Filter>Test</Filter>
    </ClInclude>
    <ClInclude Include="Src\Test\TestProcessor.h">
      <Filter>Test</Filter>
    </ClInclude>
    <ClInclude Include="Src\Test\TestKeys.h">
      <Filter>Test</Filter>
    </ClInclude>
  </ItemGroup>
  <ItemGroup>
    <ClCompile Include="Src\pch.cpp" />
    <ClCompile Include="Src\World\PlayerManager.cpp">
      <Filter>World</Filter>
    </ClCompile>
    <ClCompile Include="Src\World\ZoneLinkRegistry.cpp">
      <Filter>World</Filter>
    </ClCompile>
    <ClCompile Include="Src\Handler\GatewayLinkHandler.cpp">
      <Filter>Handler</Filter>
    </ClCompile>
    <ClCompile Include="Src\Handler\ZoneLinkHandler.cpp">
      <Filter>Handler</Filter>
    </ClCompile>
    <ClCompile Include="Src\Login\LoginProcessor.cpp">
      <Filter>Login</Filter>
    </ClCompile>
    <ClCompile Include="Src\Tool\ToolProcessor.cpp">
      <Filter>Tool</Filter>
    </ClCompile>
    <ClCompile Include="Src\App\App.cpp">
      <Filter>App</Filter>
    </ClCompile>
    <ClCompile Include="Src\Db\DbConnection.cpp">
      <Filter>Db</Filter>
    </ClCompile>
    <ClCompile Include="Src\Db\AutoDbCommand.cpp">
      <Filter>Db</Filter>
    </ClCompile>
    <ClCompile Include="Src\Db\PasswordHash.cpp">
      <Filter>Db</Filter>
    </ClCompile>
    <ClCompile Include="Src\App\Config.cpp">
      <Filter>App</Filter>
    </ClCompile>
    <ClCompile Include="Src\Cli\DbCheck.cpp">
      <Filter>Cli</Filter>
    </ClCompile>
    <ClCompile Include="Src\Cli\IdTest.cpp">
      <Filter>Cli</Filter>
    </ClCompile>
    <ClCompile Include="Src\main.cpp" />
    <ClCompile Include="Src\Test\TestProcessor.cpp">
      <Filter>Test</Filter>
    </ClCompile>
    <ClCompile Include="Src\Test\TestKeys.cpp">
      <Filter>Test</Filter>
    </ClCompile>
  </ItemGroup>
</Project>
